// !$*UTF8*$!
{
	archiveVersion = 1;
	classes = {
	};
	objectVersion = 50;
	objects = {

/* Begin PBXBuildFile section */
		EA14EE7E23A033EC00E6DBCF /* CustomButton.swift in Sources */ = {isa = PBXBuildFile; fileRef = EA14EE7D23A033EC00E6DBCF /* CustomButton.swift */; };
		EA14EE8023A034E500E6DBCF /* Constants.swift in Sources */ = {isa = PBXBuildFile; fileRef = EA14EE7F23A034E500E6DBCF /* Constants.swift */; };
		EA1DE989239FD40400EA6356 /* AppDelegate.swift in Sources */ = {isa = PBXBuildFile; fileRef = EA1DE988239FD40400EA6356 /* AppDelegate.swift */; };
		EA1DE98B239FD40400EA6356 /* SceneDelegate.swift in Sources */ = {isa = PBXBuildFile; fileRef = EA1DE98A239FD40400EA6356 /* SceneDelegate.swift */; };
		EA1DE98D239FD40400EA6356 /* ViewController.swift in Sources */ = {isa = PBXBuildFile; fileRef = EA1DE98C239FD40400EA6356 /* ViewController.swift */; };
		EA1DE990239FD40400EA6356 /* Main.storyboard in Resources */ = {isa = PBXBuildFile; fileRef = EA1DE98E239FD40400EA6356 /* Main.storyboard */; };
		EA1DE992239FD40500EA6356 /* Assets.xcassets in Resources */ = {isa = PBXBuildFile; fileRef = EA1DE991239FD40500EA6356 /* Assets.xcassets */; };
		EA1DE995239FD40500EA6356 /* LaunchScreen.storyboard in Resources */ = {isa = PBXBuildFile; fileRef = EA1DE993239FD40500EA6356 /* LaunchScreen.storyboard */; };
		EA64CF3423A5300000F9DA70 /* CustomLabel.swift in Sources */ = {isa = PBXBuildFile; fileRef = EA64CF3323A5300000F9DA70 /* CustomLabel.swift */; };
		EA9E2FA323A1571400876492 /* ButtonView.swift in Sources */ = {isa = PBXBuildFile; fileRef = EA9E2FA223A1571400876492 /* ButtonView.swift */; };
		EA9E2FA523A15AD600876492 /* PressHandler.swift in Sources */ = {isa = PBXBuildFile; fileRef = EA9E2FA423A15AD600876492 /* PressHandler.swift */; };
		EA9E2FB423A23B0600876492 /* NumbersView.swift in Sources */ = {isa = PBXBuildFile; fileRef = EA9E2FB323A23B0600876492 /* NumbersView.swift */; };
		EA9E2FB623A23F7E00876492 /* HistoryView.swift in Sources */ = {isa = PBXBuildFile; fileRef = EA9E2FB523A23F7E00876492 /* HistoryView.swift */; };
/* End PBXBuildFile section */

/* Begin PBXFileReference section */
		EA14EE7D23A033EC00E6DBCF /* CustomButton.swift */ = {isa = PBXFileReference; lastKnownFileType = sourcecode.swift; path = CustomButton.swift; sourceTree = "<group>"; };
		EA14EE7F23A034E500E6DBCF /* Constants.swift */ = {isa = PBXFileReference; lastKnownFileType = sourcecode.swift; path = Constants.swift; sourceTree = "<group>"; };
		EA1DE985239FD40400EA6356 /* Calculator_iOS.app */ = {isa = PBXFileReference; explicitFileType = wrapper.application; includeInIndex = 0; path = Calculator_iOS.app; sourceTree = BUILT_PRODUCTS_DIR; };
		EA1DE988239FD40400EA6356 /* AppDelegate.swift */ = {isa = PBXFileReference; lastKnownFileType = sourcecode.swift; path = AppDelegate.swift; sourceTree = "<group>"; };
		EA1DE98A239FD40400EA6356 /* SceneDelegate.swift */ = {isa = PBXFileReference; lastKnownFileType = sourcecode.swift; path = SceneDelegate.swift; sourceTree = "<group>"; };
		EA1DE98C239FD40400EA6356 /* ViewController.swift */ = {isa = PBXFileReference; lastKnownFileType = sourcecode.swift; path = ViewController.swift; sourceTree = "<group>"; };
		EA1DE98F239FD40400EA6356 /* Base */ = {isa = PBXFileReference; lastKnownFileType = file.storyboard; name = Base; path = Base.lproj/Main.storyboard; sourceTree = "<group>"; };
		EA1DE991239FD40500EA6356 /* Assets.xcassets */ = {isa = PBXFileReference; lastKnownFileType = folder.assetcatalog; path = Assets.xcassets; sourceTree = "<group>"; };
		EA1DE994239FD40500EA6356 /* Base */ = {isa = PBXFileReference; lastKnownFileType = file.storyboard; name = Base; path = Base.lproj/LaunchScreen.storyboard; sourceTree = "<group>"; };
		EA1DE996239FD40500EA6356 /* Info.plist */ = {isa = PBXFileReference; lastKnownFileType = text.plist.xml; path = Info.plist; sourceTree = "<group>"; };
		EA64CF3323A5300000F9DA70 /* CustomLabel.swift */ = {isa = PBXFileReference; lastKnownFileType = sourcecode.swift; path = CustomLabel.swift; sourceTree = "<group>"; };
		EA9E2FA223A1571400876492 /* ButtonView.swift */ = {isa = PBXFileReference; lastKnownFileType = sourcecode.swift; path = ButtonView.swift; sourceTree = "<group>"; };
		EA9E2FA423A15AD600876492 /* PressHandler.swift */ = {isa = PBXFileReference; lastKnownFileType = sourcecode.swift; path = PressHandler.swift; sourceTree = "<group>"; };
		EA9E2FB323A23B0600876492 /* NumbersView.swift */ = {isa = PBXFileReference; lastKnownFileType = sourcecode.swift; path = NumbersView.swift; sourceTree = "<group>"; };
		EA9E2FB523A23F7E00876492 /* HistoryView.swift */ = {isa = PBXFileReference; lastKnownFileType = sourcecode.swift; path = HistoryView.swift; sourceTree = "<group>"; };
/* End PBXFileReference section */

/* Begin PBXFrameworksBuildPhase section */
		EA1DE982239FD40400EA6356 /* Frameworks */ = {
			isa = PBXFrameworksBuildPhase;
			buildActionMask = 2147483647;
			files = (
			);
			runOnlyForDeploymentPostprocessing = 0;
		};
/* End PBXFrameworksBuildPhase section */

/* Begin PBXGroup section */
		EA1DE97C239FD40400EA6356 = {
			isa = PBXGroup;
			children = (
				EA1DE987239FD40400EA6356 /* Calculator */,
				EA1DE986239FD40400EA6356 /* Products */,
			);
			sourceTree = "<group>";
		};
		EA1DE986239FD40400EA6356 /* Products */ = {
			isa = PBXGroup;
			children = (
				EA1DE985239FD40400EA6356 /* Calculator_iOS.app */,
			);
			name = Products;
			sourceTree = "<group>";
		};
		EA1DE987239FD40400EA6356 /* Calculator */ = {
			isa = PBXGroup;
			children = (
				EA1DE988239FD40400EA6356 /* AppDelegate.swift */,
				EA1DE98A239FD40400EA6356 /* SceneDelegate.swift */,
				EA9E2FB223A23AEE00876492 /* Button */,
				EA9E2FA623A16E5F00876492 /* Label */,
				EA9E2FB123A23AE300876492 /* View */,
				EA1DE98C239FD40400EA6356 /* ViewController.swift */,
				EA1DE98E239FD40400EA6356 /* Main.storyboard */,
				EA1DE991239FD40500EA6356 /* Assets.xcassets */,
				EA1DE993239FD40500EA6356 /* LaunchScreen.storyboard */,
				EA1DE996239FD40500EA6356 /* Info.plist */,
				EA14EE7F23A034E500E6DBCF /* Constants.swift */,
				EA9E2FA423A15AD600876492 /* PressHandler.swift */,
			);
			path = Calculator;
			sourceTree = "<group>";
		};
		EA9E2FA623A16E5F00876492 /* Label */ = {
			isa = PBXGroup;
			children = (
				EA64CF3323A5300000F9DA70 /* CustomLabel.swift */,
			);
			path = Label;
			sourceTree = "<group>";
		};
		EA9E2FB123A23AE300876492 /* View */ = {
			isa = PBXGroup;
			children = (
				EA9E2FA223A1571400876492 /* ButtonView.swift */,
				EA9E2FB323A23B0600876492 /* NumbersView.swift */,
				EA9E2FB523A23F7E00876492 /* HistoryView.swift */,
			);
			path = View;
			sourceTree = "<group>";
		};
		EA9E2FB223A23AEE00876492 /* Button */ = {
			isa = PBXGroup;
			children = (
				EA14EE7D23A033EC00E6DBCF /* CustomButton.swift */,
			);
			path = Button;
			sourceTree = "<group>";
		};
/* End PBXGroup section */

/* Begin PBXNativeTarget section */
		EA1DE984239FD40400EA6356 /* Calculator */ = {
			isa = PBXNativeTarget;
			buildConfigurationList = EA1DE999239FD40500EA6356 /* Build configuration list for PBXNativeTarget "Calculator" */;
			buildPhases = (
				EA1DE981239FD40400EA6356 /* Sources */,
				EA1DE982239FD40400EA6356 /* Frameworks */,
				EA1DE983239FD40400EA6356 /* Resources */,
			);
			buildRules = (
			);
			dependencies = (
			);
			name = Calculator;
			productName = Calculator;
			productReference = EA1DE985239FD40400EA6356 /* Calculator_iOS.app */;
			productType = "com.apple.product-type.application";
		};
/* End PBXNativeTarget section */

/* Begin PBXProject section */
		EA1DE97D239FD40400EA6356 /* Project object */ = {
			isa = PBXProject;
			attributes = {
				LastSwiftUpdateCheck = 1120;
				LastUpgradeCheck = 1120;
				ORGANIZATIONNAME = JapeSoft;
				TargetAttributes = {
					EA1DE984239FD40400EA6356 = {
						CreatedOnToolsVersion = 11.2.1;
					};
				};
			};
			buildConfigurationList = EA1DE980239FD40400EA6356 /* Build configuration list for PBXProject "Calculator" */;
			compatibilityVersion = "Xcode 9.3";
			developmentRegion = en;
			hasScannedForEncodings = 0;
			knownRegions = (
				en,
				Base,
			);
			mainGroup = EA1DE97C239FD40400EA6356;
			productRefGroup = EA1DE986239FD40400EA6356 /* Products */;
			projectDirPath = "";
			projectRoot = "";
			targets = (
				EA1DE984239FD40400EA6356 /* Calculator */,
			);
		};
/* End PBXProject section */

/* Begin PBXResourcesBuildPhase section */
		EA1DE983239FD40400EA6356 /* Resources */ = {
			isa = PBXResourcesBuildPhase;
			buildActionMask = 2147483647;
			files = (
				EA1DE995239FD40500EA6356 /* LaunchScreen.storyboard in Resources */,
				EA1DE992239FD40500EA6356 /* Assets.xcassets in Resources */,
				EA1DE990239FD40400EA6356 /* Main.storyboard in Resources */,
			);
			runOnlyForDeploymentPostprocessing = 0;
		};
/* End PBXResourcesBuildPhase section */

/* Begin PBXSourcesBuildPhase section */
		EA1DE981239FD40400EA6356 /* Sources */ = {
			isa = PBXSourcesBuildPhase;
			buildActionMask = 2147483647;
			files = (
				EA14EE8023A034E500E6DBCF /* Constants.swift in Sources */,
				EA9E2FB423A23B0600876492 /* NumbersView.swift in Sources */,
				EA1DE98D239FD40400EA6356 /* ViewController.swift in Sources */,
				EA9E2FA323A1571400876492 /* ButtonView.swift in Sources */,
				EA1DE989239FD40400EA6356 /* AppDelegate.swift in Sources */,
				EA64CF3423A5300000F9DA70 /* CustomLabel.swift in Sources */,
				EA1DE98B239FD40400EA6356 /* SceneDelegate.swift in Sources */,
				EA9E2FB623A23F7E00876492 /* HistoryView.swift in Sources */,
				EA9E2FA523A15AD600876492 /* PressHandler.swift in Sources */,
				EA14EE7E23A033EC00E6DBCF /* CustomButton.swift in Sources */,
			);
			runOnlyForDeploymentPostprocessing = 0;
		};
/* End PBXSourcesBuildPhase section */

/* Begin PBXVariantGroup section */
		EA1DE98E239FD40400EA6356 /* Main.storyboard */ = {
			isa = PBXVariantGroup;
			children = (
				EA1DE98F239FD40400EA6356 /* Base */,
			);
			name = Main.storyboard;
			sourceTree = "<group>";
		};
		EA1DE993239FD40500EA6356 /* LaunchScreen.storyboard */ = {
			isa = PBXVariantGroup;
			children = (
				EA1DE994239FD40500EA6356 /* Base */,
			);
			name = LaunchScreen.storyboard;
			sourceTree = "<group>";
		};
/* End PBXVariantGroup section */

/* Begin XCBuildConfiguration section */
		EA1DE997239FD40500EA6356 /* Debug */ = {
			isa = XCBuildConfiguration;
			buildSettings = {
				ALWAYS_SEARCH_USER_PATHS = NO;
				CLANG_ANALYZER_NONNULL = YES;
				CLANG_ANALYZER_NUMBER_OBJECT_CONVERSION = YES_AGGRESSIVE;
				CLANG_CXX_LANGUAGE_STANDARD = "gnu++14";
				CLANG_CXX_LIBRARY = "libc++";
				CLANG_ENABLE_MODULES = YES;
				CLANG_ENABLE_OBJC_ARC = YES;
				CLANG_ENABLE_OBJC_WEAK = YES;
				CLANG_WARN_BLOCK_CAPTURE_AUTORELEASING = YES;
				CLANG_WARN_BOOL_CONVERSION = YES;
				CLANG_WARN_COMMA = YES;
				CLANG_WARN_CONSTANT_CONVERSION = YES;
				CLANG_WARN_DEPRECATED_OBJC_IMPLEMENTATIONS = YES;
				CLANG_WARN_DIRECT_OBJC_ISA_USAGE = YES_ERROR;
				CLANG_WARN_DOCUMENTATION_COMMENTS = YES;
				CLANG_WARN_EMPTY_BODY = YES;
				CLANG_WARN_ENUM_CONVERSION = YES;
				CLANG_WARN_INFINITE_RECURSION = YES;
				CLANG_WARN_INT_CONVERSION = YES;
				CLANG_WARN_NON_LITERAL_NULL_CONVERSION = YES;
				CLANG_WARN_OBJC_IMPLICIT_RETAIN_SELF = YES;
				CLANG_WARN_OBJC_LITERAL_CONVERSION = YES;
				CLANG_WARN_OBJC_ROOT_CLASS = YES_ERROR;
				CLANG_WARN_RANGE_LOOP_ANALYSIS = YES;
				CLANG_WARN_STRICT_PROTOTYPES = YES;
				CLANG_WARN_SUSPICIOUS_MOVE = YES;
				CLANG_WARN_UNGUARDED_AVAILABILITY = YES_AGGRESSIVE;
				CLANG_WARN_UNREACHABLE_CODE = YES;
				CLANG_WARN__DUPLICATE_METHOD_MATCH = YES;
				COPY_PHASE_STRIP = NO;
				DEBUG_INFORMATION_FORMAT = dwarf;
				ENABLE_STRICT_OBJC_MSGSEND = YES;
				ENABLE_TESTABILITY = YES;
				GCC_C_LANGUAGE_STANDARD = gnu11;
				GCC_DYNAMIC_NO_PIC = NO;
				GCC_NO_COMMON_BLOCKS = YES;
				GCC_OPTIMIZATION_LEVEL = 0;
				GCC_PREPROCESSOR_DEFINITIONS = (
					"DEBUG=1",
					"$(inherited)",
				);
				GCC_WARN_64_TO_32_BIT_CONVERSION = YES;
				GCC_WARN_ABOUT_RETURN_TYPE = YES_ERROR;
				GCC_WARN_UNDECLARED_SELECTOR = YES;
				GCC_WARN_UNINITIALIZED_AUTOS = YES_AGGRESSIVE;
				GCC_WARN_UNUSED_FUNCTION = YES;
				GCC_WARN_UNUSED_VARIABLE = YES;
				IPHONEOS_DEPLOYMENT_TARGET = 13.2;
				MTL_ENABLE_DEBUG_INFO = INCLUDE_SOURCE;
				MTL_FAST_MATH = YES;
				ONLY_ACTIVE_ARCH = YES;
				SDKROOT = iphoneos;
				SWIFT_ACTIVE_COMPILATION_CONDITIONS = DEBUG;
				SWIFT_OPTIMIZATION_LEVEL = "-Onone";
			};
			name = Debug;
		};
		EA1DE998239FD40500EA6356 /* Release */ = {
			isa = XCBuildConfiguration;
			buildSettings = {
				ALWAYS_SEARCH_USER_PATHS = NO;
				CLANG_ANALYZER_NONNULL = YES;
				CLANG_ANALYZER_NUMBER_OBJECT_CONVERSION = YES_AGGRESSIVE;
				CLANG_CXX_LANGUAGE_STANDARD = "gnu++14";
				CLANG_CXX_LIBRARY = "libc++";
				CLANG_ENABLE_MODULES = YES;
				CLANG_ENABLE_OBJC_ARC = YES;
				CLANG_ENABLE_OBJC_WEAK = YES;
				CLANG_WARN_BLOCK_CAPTURE_AUTORELEASING = YES;
				CLANG_WARN_BOOL_CONVERSION = YES;
				CLANG_WARN_COMMA = YES;
				CLANG_WARN_CONSTANT_CONVERSION = YES;
				CLANG_WARN_DEPRECATED_OBJC_IMPLEMENTATIONS = YES;
				CLANG_WARN_DIRECT_OBJC_ISA_USAGE = YES_ERROR;
				CLANG_WARN_DOCUMENTATION_COMMENTS = YES;
				CLANG_WARN_EMPTY_BODY = YES;
				CLANG_WARN_ENUM_CONVERSION = YES;
				CLANG_WARN_INFINITE_RECURSION = YES;
				CLANG_WARN_INT_CONVERSION = YES;
				CLANG_WARN_NON_LITERAL_NULL_CONVERSION = YES;
				CLANG_WARN_OBJC_IMPLICIT_RETAIN_SELF = YES;
				CLANG_WARN_OBJC_LITERAL_CONVERSION = YES;
				CLANG_WARN_OBJC_ROOT_CLASS = YES_ERROR;
				CLANG_WARN_RANGE_LOOP_ANALYSIS = YES;
				CLANG_WARN_STRICT_PROTOTYPES = YES;
				CLANG_WARN_SUSPICIOUS_MOVE = YES;
				CLANG_WARN_UNGUARDED_AVAILABILITY = YES_AGGRESSIVE;
				CLANG_WARN_UNREACHABLE_CODE = YES;
				CLANG_WARN__DUPLICATE_METHOD_MATCH = YES;
				COPY_PHASE_STRIP = NO;
				DEBUG_INFORMATION_FORMAT = "dwarf-with-dsym";
				ENABLE_NS_ASSERTIONS = NO;
				ENABLE_STRICT_OBJC_MSGSEND = YES;
				GCC_C_LANGUAGE_STANDARD = gnu11;
				GCC_NO_COMMON_BLOCKS = YES;
				GCC_WARN_64_TO_32_BIT_CONVERSION = YES;
				GCC_WARN_ABOUT_RETURN_TYPE = YES_ERROR;
				GCC_WARN_UNDECLARED_SELECTOR = YES;
				GCC_WARN_UNINITIALIZED_AUTOS = YES_AGGRESSIVE;
				GCC_WARN_UNUSED_FUNCTION = YES;
				GCC_WARN_UNUSED_VARIABLE = YES;
				IPHONEOS_DEPLOYMENT_TARGET = 13.2;
				MTL_ENABLE_DEBUG_INFO = NO;
				MTL_FAST_MATH = YES;
				SDKROOT = iphoneos;
				SWIFT_COMPILATION_MODE = wholemodule;
				SWIFT_OPTIMIZATION_LEVEL = "-O";
				VALIDATE_PRODUCT = YES;
			};
			name = Release;
		};
		EA1DE99A239FD40500EA6356 /* Debug */ = {
			isa = XCBuildConfiguration;
			buildSettings = {
				ASSETCATALOG_COMPILER_APPICON_NAME = AppIcon;
				CODE_SIGN_STYLE = Automatic;
				DEVELOPMENT_TEAM = PB84GX5B42;
				INFOPLIST_FILE = Calculator/Info.plist;
				LD_RUNPATH_SEARCH_PATHS = (
					"$(inherited)",
					"@executable_path/Frameworks",
				);
				PRODUCT_BUNDLE_IDENTIFIER = "JS.Calculator-iOS";
				PRODUCT_NAME = Calculator_iOS;
				SWIFT_VERSION = 5.0;
				TARGETED_DEVICE_FAMILY = "1,2";
			};
			name = Debug;
		};
		EA1DE99B239FD40500EA6356 /* Release */ = {
			isa = XCBuildConfiguration;
			buildSettings = {
				ASSETCATALOG_COMPILER_APPICON_NAME = AppIcon;
				CODE_SIGN_STYLE = Automatic;
				DEVELOPMENT_TEAM = PB84GX5B42;
				INFOPLIST_FILE = Calculator/Info.plist;
				LD_RUNPATH_SEARCH_PATHS = (
					"$(inherited)",
					"@executable_path/Frameworks",
				);
				PRODUCT_BUNDLE_IDENTIFIER = "JS.Calculator-iOS";
				PRODUCT_NAME = Calculator_iOS;
				SWIFT_VERSION = 5.0;
				TARGETED_DEVICE_FAMILY = "1,2";
			};
			name = Release;
		};
/* End XCBuildConfiguration section */

/* Begin XCConfigurationList section */
		EA1DE980239FD40400EA6356 /* Build configuration list for PBXProject "Calculator" */ = {
			isa = XCConfigurationList;
			buildConfigurations = (
				EA1DE997239FD40500EA6356 /* Debug */,
				EA1DE998239FD40500EA6356 /* Release */,
			);
			defaultConfigurationIsVisible = 0;
			defaultConfigurationName = Release;
		};
		EA1DE999239FD40500EA6356 /* Build configuration list for PBXNativeTarget "Calculator" */ = {
			isa = XCConfigurationList;
			buildConfigurations = (
				EA1DE99A239FD40500EA6356 /* Debug */,
				EA1DE99B239FD40500EA6356 /* Release */,
			);
			defaultConfigurationIsVisible = 0;
			defaultConfigurationName = Release;
		};
/* End XCConfigurationList section */
	};
	rootObject = EA1DE97D239FD40400EA6356 /* Project object */;
}
